
Microsoft Visual Studio Solution File, Format Version 12.00
# Visual Studio 2012
Project("{FAE04EC0-301F-11D3-BF4B-00C04F79EFBC}") = "NeerbyyWindowsPhone", "NeerbyyWindowsPhone\NeerbyyWindowsPhone.csproj", "{C5A148B1-E795-47AA-BE39-E7F4C80A4F0E}"
EndProject
Project("{FAE04EC0-301F-11D3-BF4B-00C04F79EFBC}") = "NeerbyyWindowsPhoneTest", "NeerbyyWindowsPhoneTest\NeerbyyWindowsPhoneTest.csproj", "{64126AD9-499D-4163-97B5-D4A148E6EC55}"
EndProject
Global
	GlobalSection(SolutionConfigurationPlatforms) = preSolution
		Debug|Any CPU = Debug|Any CPU
		Debug|ARM = Debug|ARM
		Debug|Mixed Platforms = Debug|Mixed Platforms
		Debug|x86 = Debug|x86
		Release|Any CPU = Release|Any CPU
		Release|ARM = Release|ARM
		Release|Mixed Platforms = Release|Mixed Platforms
		Release|x86 = Release|x86
	EndGlobalSection
	GlobalSection(ProjectConfigurationPlatforms) = postSolution
		{C5A148B1-E795-47AA-BE39-E7F4C80A4F0E}.Debug|Any CPU.ActiveCfg = Debug|Any CPU
		{C5A148B1-E795-47AA-BE39-E7F4C80A4F0E}.Debug|Any CPU.Build.0 = Debug|Any CPU
		{C5A148B1-E795-47AA-BE39-E7F4C80A4F0E}.Debug|Any CPU.Deploy.0 = Debug|Any CPU
		{C5A148B1-E795-47AA-BE39-E7F4C80A4F0E}.Debug|ARM.ActiveCfg = Debug|ARM
		{C5A148B1-E795-47AA-BE39-E7F4C80A4F0E}.Debug|ARM.Build.0 = Debug|ARM
		{C5A148B1-E795-47AA-BE39-E7F4C80A4F0E}.Debug|ARM.Deploy.0 = Debug|ARM
		{C5A148B1-E795-47AA-BE39-E7F4C80A4F0E}.Debug|Mixed Platforms.ActiveCfg = Debug|x86
		{C5A148B1-E795-47AA-BE39-E7F4C80A4F0E}.Debug|Mixed Platforms.Build.0 = Debug|x86
		{C5A148B1-E795-47AA-BE39-E7F4C80A4F0E}.Debug|Mixed Platforms.Deploy.0 = Debug|x86
		{C5A148B1-E795-47AA-BE39-E7F4C80A4F0E}.Debug|x86.ActiveCfg = Debug|x86
		{C5A148B1-E795-47AA-BE39-E7F4C80A4F0E}.Debug|x86.Build.0 = Debug|x86
		{C5A148B1-E795-47AA-BE39-E7F4C80A4F0E}.Debug|x86.Deploy.0 = Debug|x86
		{C5A148B1-E795-47AA-BE39-E7F4C80A4F0E}.Release|Any CPU.ActiveCfg = Release|Any CPU
		{C5A148B1-E795-47AA-BE39-E7F4C80A4F0E}.Release|Any CPU.Build.0 = Release|Any CPU
		{C5A148B1-E795-47AA-BE39-E7F4C80A4F0E}.Release|Any CPU.Deploy.0 = Release|Any CPU
		{C5A148B1-E795-47AA-BE39-E7F4C80A4F0E}.Release|ARM.ActiveCfg = Release|ARM
		{C5A148B1-E795-47AA-BE39-E7F4C80A4F0E}.Release|ARM.Build.0 = Release|ARM
		{C5A148B1-E795-47AA-BE39-E7F4C80A4F0E}.Release|ARM.Deploy.0 = Release|ARM
		{C5A148B1-E795-47AA-BE39-E7F4C80A4F0E}.Release|Mixed Platforms.ActiveCfg = Release|x86
		{C5A148B1-E795-47AA-BE39-E7F4C80A4F0E}.Release|Mixed Platforms.Build.0 = Release|x86
		{C5A148B1-E795-47AA-BE39-E7F4C80A4F0E}.Release|Mixed Platforms.Deploy.0 = Release|x86
		{C5A148B1-E795-47AA-BE39-E7F4C80A4F0E}.Release|x86.ActiveCfg = Release|x86
		{C5A148B1-E795-47AA-BE39-E7F4C80A4F0E}.Release|x86.Build.0 = Release|x86
		{C5A148B1-E795-47AA-BE39-E7F4C80A4F0E}.Release|x86.Deploy.0 = Release|x86
		{64126AD9-499D-4163-97B5-D4A148E6EC55}.Debug|Any CPU.ActiveCfg = Debug|x86
		{64126AD9-499D-4163-97B5-D4A148E6EC55}.Debug|ARM.ActiveCfg = Debug|ARM
		{64126AD9-499D-4163-97B5-D4A148E6EC55}.Debug|ARM.Build.0 = Debug|ARM
		{64126AD9-499D-4163-97B5-D4A148E6EC55}.Debug|ARM.Deploy.0 = Debug|ARM
		{64126AD9-499D-4163-97B5-D4A148E6EC55}.Debug|Mixed Platforms.ActiveCfg = Debug|x86
		{64126AD9-499D-4163-97B5-D4A148E6EC55}.Debug|Mixed Platforms.Build.0 = Debug|x86
		{64126AD9-499D-4163-97B5-D4A148E6EC55}.Debug|Mixed Platforms.Deploy.0 = Debug|x86
		{64126AD9-499D-4163-97B5-D4A148E6EC55}.Debug|x86.ActiveCfg = Debug|x86
		{64126AD9-499D-4163-97B5-D4A148E6EC55}.Debug|x86.Build.0 = Debug|x86
		{64126AD9-499D-4163-97B5-D4A148E6EC55}.Debug|x86.Deploy.0 = Debug|x86
		{64126AD9-499D-4163-97B5-D4A148E6EC55}.Release|Any CPU.ActiveCfg = Release|x86
		{64126AD9-499D-4163-97B5-D4A148E6EC55}.Release|ARM.ActiveCfg = Release|ARM
		{64126AD9-499D-4163-97B5-D4A148E6EC55}.Release|ARM.Build.0 = Release|ARM
		{64126AD9-499D-4163-97B5-D4A148E6EC55}.Release|ARM.Deploy.0 = Release|ARM
		{64126AD9-499D-4163-97B5-D4A148E6EC55}.Release|Mixed Platforms.ActiveCfg = Release|x86
		{64126AD9-499D-4163-97B5-D4A148E6EC55}.Release|Mixed Platforms.Build.0 = Release|x86
		{64126AD9-499D-4163-97B5-D4A148E6EC55}.Release|Mixed Platforms.Deploy.0 = Release|x86
		{64126AD9-499D-4163-97B5-D4A148E6EC55}.Release|x86.ActiveCfg = Release|x86
		{64126AD9-499D-4163-97B5-D4A148E6EC55}.Release|x86.Build.0 = Release|x86
		{64126AD9-499D-4163-97B5-D4A148E6EC55}.Release|x86.Deploy.0 = Release|x86
	EndGlobalSection
	GlobalSection(SolutionProperties) = preSolution
		HideSolutionNode = FALSE
	EndGlobalSection
EndGlobal
